
Microsoft Visual Studio Solution File, Format Version 12.00
# Visual Studio Version 16
VisualStudioVersion = 16.0.31112.23
MinimumVisualStudioVersion = 10.0.40219.1
Project("{FAE04EC0-301F-11D3-BF4B-00C04F79EFBC}") = "moustache", "moustache\moustache.csproj", "{B8978B13-5877-462C-B417-67B5239684EA}"
EndProject
Global
	GlobalSection(SolutionConfigurationPlatforms) = preSolution
		Debug|Any CPU = Debug|Any CPU
		Release|Any CPU = Release|Any CPU
	EndGlobalSection
	GlobalSection(ProjectConfigurationPlatforms) = postSolution
		{B8978B13-5877-462C-B417-67B5239684EA}.Debug|Any CPU.ActiveCfg = Debug|Any CPU
		{B8978B13-5877-462C-B417-67B5239684EA}.Debug|Any CPU.Build.0 = Debug|Any CPU
		{B8978B13-5877-462C-B417-67B5239684EA}.Release|Any CPU.ActiveCfg = Release|Any CPU
		{B8978B13-5877-462C-B417-67B5239684EA}.Release|Any CPU.Build.0 = Release|Any CPU
	EndGlobalSection
	GlobalSection(SolutionProperties) = preSolution
		HideSolutionNode = FALSE
	EndGlobalSection
	GlobalSection(ExtensibilityGlobals) = postSolution
		SolutionGuid = {574B3444-AA96-447B-81D7-A838A99962C6}
	EndGlobalSection
EndGlobal
